
Microsoft Visual Studio Solution File, Format Version 12.00
# Visual Studio 2017
Project("{FAE04EC0-301F-11D3-BF4B-00C04F79EFBC}") = "Depressurize", "Depressurize.csproj", "{DB5E5C42-D755-13F7-B5DA-1D15BAA6AEFC}"
EndProject
Project("{FAE04EC0-301F-11D3-BF4B-00C04F79EFBC}") = "Depressurize.Plugins", "Depressurize.Plugins.csproj", "{44ACB689-C152-3F94-A9E7-1932A3E42982}"
EndProject
Project("{FAE04EC0-301F-11D3-BF4B-00C04F79EFBC}") = "Depressurize.Editor", "Depressurize.Editor.csproj", "{D69CEEB4-6B55-CC92-DD2C-F7C4DF0CE1DD}"
EndProject
Project("{FAE04EC0-301F-11D3-BF4B-00C04F79EFBC}") = "Depressurize.Editor.Plugins", "Depressurize.Editor.Plugins.csproj", "{60F60939-5C87-066A-F858-7F9A0A766E79}"
EndProject
Global
	GlobalSection(SolutionConfigurationPlatforms) = preSolution
		Debug|Any CPU = Debug|Any CPU
		Release|Any CPU = Release|Any CPU
	EndGlobalSection
	GlobalSection(ProjectConfigurationPlatforms) = postSolution
		{DB5E5C42-D755-13F7-B5DA-1D15BAA6AEFC}.Debug|Any CPU.ActiveCfg = Debug|Any CPU
		{DB5E5C42-D755-13F7-B5DA-1D15BAA6AEFC}.Debug|Any CPU.Build.0 = Debug|Any CPU
		{DB5E5C42-D755-13F7-B5DA-1D15BAA6AEFC}.Release|Any CPU.ActiveCfg = Release|Any CPU
		{DB5E5C42-D755-13F7-B5DA-1D15BAA6AEFC}.Release|Any CPU.Build.0 = Release|Any CPU
		{44ACB689-C152-3F94-A9E7-1932A3E42982}.Debug|Any CPU.ActiveCfg = Debug|Any CPU
		{44ACB689-C152-3F94-A9E7-1932A3E42982}.Debug|Any CPU.Build.0 = Debug|Any CPU
		{44ACB689-C152-3F94-A9E7-1932A3E42982}.Release|Any CPU.ActiveCfg = Release|Any CPU
		{44ACB689-C152-3F94-A9E7-1932A3E42982}.Release|Any CPU.Build.0 = Release|Any CPU
		{D69CEEB4-6B55-CC92-DD2C-F7C4DF0CE1DD}.Debug|Any CPU.ActiveCfg = Debug|Any CPU
		{D69CEEB4-6B55-CC92-DD2C-F7C4DF0CE1DD}.Debug|Any CPU.Build.0 = Debug|Any CPU
		{D69CEEB4-6B55-CC92-DD2C-F7C4DF0CE1DD}.Release|Any CPU.ActiveCfg = Release|Any CPU
		{D69CEEB4-6B55-CC92-DD2C-F7C4DF0CE1DD}.Release|Any CPU.Build.0 = Release|Any CPU
		{60F60939-5C87-066A-F858-7F9A0A766E79}.Debug|Any CPU.ActiveCfg = Debug|Any CPU
		{60F60939-5C87-066A-F858-7F9A0A766E79}.Debug|Any CPU.Build.0 = Debug|Any CPU
		{60F60939-5C87-066A-F858-7F9A0A766E79}.Release|Any CPU.ActiveCfg = Release|Any CPU
		{60F60939-5C87-066A-F858-7F9A0A766E79}.Release|Any CPU.Build.0 = Release|Any CPU
	EndGlobalSection
	GlobalSection(SolutionProperties) = preSolution
		HideSolutionNode = FALSE
	EndGlobalSection
EndGlobal
